github.com/DataDog/zstd v1.3.5 h1:DtpNbljikUepEPD16hD4LvIcmhnhdLTiW/5pHgbmp14=
github.com/DataDog/zstd v1.3.5/go.mod h1:1jcaCB/ufaK+sKp1NBhlGmpz41jOoPQ35bpF36t7BBo=
github.com/PuerkitoBio/purell v1.1.0 h1:rmGxhojJlM0tuKtfdvliR84CFHljx9ag64t2xmVkjK4=
github.com/PuerkitoBio/purell v1.1.0/go.mod h1:c11w/QuzBsJSee3cPx9rAFu61PvFxuPbtSwDGJws/X0=
github.com/PuerkitoBio/urlesc v0.0.0-20170810143723-de5bf2ad4578 h1:d+Bc7a5rLufV/sSk/8dngufqelfh6jnri85riMAaF/M=
github.com/PuerkitoBio/urlesc v0.0.0-20170810143723-de5bf2ad4578/go.mod h1:uGdkoq3SwY9Y+13GIhn11/XLaGBb4BfwItxLd5jeuXE=
github.com/Shopify/sarama v1.20.1 h1:Bb0h3I++r4eX333Y0uZV2vwUXepJbt6ig05TUU1qt9I=
github.com/Shopify/sarama v1.20.1/go.mod h1:FVkBWblsNy7DGZRfXLU0O9RCGt5g3g3yEuWXgklEdEo=
github.com/boltdb/bolt v1.3.1 h1:JQmyP4ZBrce+ZQu0dY660FMfatumYDLun9hBCUVIkF4=
github.com/boltdb/bolt v1.3.1/go.mod h1:clJnj/oiGkjum5o1McbSZDSLxVThjynRyGBgiAx27Ps=
github.com/davecgh/go-spew v1.1.1 h1:vj9j/u1bqnvCEfJOwUhtlOARqs3+rkHYY13jYWTU97c=
github.com/davecgh/go-spew v1.1.1/go.mod h1:J7Y8YcW2NihsgmVo/mv3lAwl/skON4iLHjSsI+c5H38=
github.com/eapache/go-resiliency v1.1.0/go.mod h1:kFI+JgMyC7bLPUVY133qvEBtVayf5mFgVsvEsIPBvNs=
github.com/eapache/go-xerial-snappy v0.0.0-20180814174437-776d5712da21 h1:YEetp8/yCZMuEPMUDHG0CW/brkkEp8mzqk2+ODEitlw=
github.com/eapache/go-xerial-snappy v0.0.0-20180814174437-776d5712da21/go.mod h1:+020luEh2TKB4/GOp8oxxtq0Daoen/Cii55CzbTV6DU=
github.com/eapache/queue v1.1.0/go.mod h1:6eCeP0CKFpHLu8blIFXhExK/dRa7WDZfr6jVFPTqq+I=
github.com/emicklei/go-restful v2.9.0+incompatible h1:YKhDcF/NL19iSAQcyCATL1MkFXCzxfdaTiuJKr18Ank=
github.com/emicklei/go-restful v2.9.0+incompatible/go.mod h1:otzb+WCGbkyDHkqmQmT5YD2WR4BBwUdeQoFo8l/7tVs=
github.com/emicklei/go-restful-openapi v1.0.0 h1:ZFk3RuCl8ZmG1yUAF/mSbXRi5cuyA/k5+EpHayuuTXM=
github.com/emicklei/go-restful-openapi v1.0.0/go.mod h1:Q+bHVYfUWv1fvC4FNTsz2AVvFSsXAC7RCiWjF1Sva1A=
github.com/go-openapi/jsonpointer v0.17.0 h1:nH6xp8XdXHx8dqveo0ZuJBluCO2qGrPbDNZ0dwoRHP0=
github.com/go-openapi/jsonpointer v0.17.0/go.mod h1:cOnomiV+CVVwFLk0A/MExoFMjwdsUdVpsRhURCKh+3M=
github.com/go-openapi/jsonreference v0.17.0 h1:yJW3HCkTHg7NOA+gZ83IPHzUSnUzGXhGmsdiCcMexbA=
github.com/go-openapi/jsonreference v0.17.0/go.mod h1:g4xxGn04lDIRh0GJb5QlpE3HfopLOL6uZrK/VgnsK9I=
github.com/go-openapi/spec v0.18.0 h1:aIjeyG5mo5/FrvDkpKKEGZPmF9MPHahS72mzfVqeQXQ=
github.com/go-openapi/spec v0.18.0/go.mod h1:XkF/MOi14NmjsfZ8VtAKf8pIlbZzyoTvZsdfssdxcBI=
github.com/go-openapi/swag v0.17.0 h1:iqrgMg7Q7SvtbWLlltPrkMs0UBJI6oTSs79JFRUi880=
github.com/go-openapi/swag v0.17.0/go.mod h1:AByQ+nYG6gQg71GINrmuDXCPWdL640yX49/kXLo40Tg=
github.com/golang/glog v0.0.0-20160126235308-23def4e6c14b/go.mod h1:SBH7ygxi8pfUlaOkMMuAQtPIUF8ecWP5IEl/CR7VP2Q=
github.com/golang/snappy v0.0.0-20180518054509-2e65f85255db/go.mod h1:/XxbfmMg8lxefKM7IXC3fBNl/7bRcc72aCRzEWrmP2Q=
github.com/mailru/easyjson v0.0.0-20180823135443-60711f1a8329 h1:2gxZ0XQIU/5z3Z3bUBu+FXuk2pFbkN6tcwi/pjyaDic=
github.com/mailru/easyjson v0.0.0-20180823135443-60711f1a8329/go.mod h1:C1wdFJiN94OJF2b5HbByQZoLdCWB1Yqtg26g4irojpc=
github.com/mcluseau/go-diff v0.0.0-20170912074617-100286016ffb h1:jMnxJla+ExVW1PhJGJgp9il0FaPa4yaWWpRBkHMalnE=
github.com/mcluseau/go-diff v0.0.0-20170912074617-100286016ffb/go.mod h1:ngKKa6Uw+/H/qY1yXddTTWMnNeywcau3+ZJEZkBovY0=
github.com/mcluseau/go-diff v0.0.0-20190215075103-f7373f1a0c48 h1:VEk2dXaTSSnDACWp07xL3eySu5s89KtgZqGNxQ3KFE4=
github.com/mcluseau/go-diff v0.0.0-20190215075103-f7373f1a0c48/go.mod h1:ngKKa6Uw+/H/qY1yXddTTWMnNeywcau3+ZJEZkBovY0=
github.com/mcluseau/go-diff v0.0.0-20190215082533-ecf53d06a631 h1:nvu8lnx0AMC1tHxd/g8Q7rJgxk4epXRZZduBg0Zdx/U=
github.com/mcluseau/go-diff v0.0.0-20190215082533-ecf53d06a631/go.mod h1:ngKKa6Uw+/H/qY1yXddTTWMnNeywcau3+ZJEZkBovY0=
github.com/mcluseau/go-diff v0.0.0-20190217060838-3fb7d95173c4 h1:8NrxJbAqTgSe+Tc8fz0MxVT4TZ9sMowHVyyi4xWOMJI=
github.com/mcluseau/go-diff v0.0.0-20190217060838-3fb7d95173c4/go.mod h1:x675JhPjVpAWQw9YUgnxa0ghj5F+ST+uI9r1bBdiwfY=
github.com/mcluseau/go-diff v0.0.0-20190217070514-1389e11729fe h1:KNigkO4MuPhrvjiUb0Vdd3YM07FuDHPiC20eDEQUoPI=
github.com/mcluseau/go-diff v0.0.0-20190217070514-1389e11729fe/go.mod h1:hi/L3b2+8ZKieNwVMs1uAjlxgfo+JSuRY+FroGOj5OA=
github.com/mcluseau/go-diff v0.0.0-20190217071449-4a91f7440a1c h1:lqLeKVvnSSvn7D+NFXpmOQwBHS+UCe0fH3HRv0bG1vE=
github.com/mcluseau/go-diff v0.0.0-20190217071449-4a91f7440a1c/go.mod h1:hi/L3b2+8ZKieNwVMs1uAjlxgfo+JSuRY+FroGOj5OA=
github.com/mcluseau/go-diff v0.0.0-20190217080818-3a9d0bf63e7a h1:GTp/aSUlkU1VSNHp03W3/2my3ubt2D5kNebauUvgStA=
github.com/mcluseau/go-diff v0.0.0-20190217080818-3a9d0bf63e7a/go.mod h1:hi/L3b2+8ZKieNwVMs1uAjlxgfo+JSuRY+FroGOj5OA=
github.com/mcluseau/go-diff v0.0.0-20190217082144-dfdf630e8b34 h1:0OuHNoTctxoLiPgP18u9CvTC45er1YjnOpLoI9ZWELo=
github.com/mcluseau/go-diff v0.0.0-20190217082144-dfdf630e8b34/go.mod h1:0mOslDFEA5LkBGDY4lHwPUOmZwpSANkV3qrqrA/jjcc=
github.com/mcluseau/go-diff v0.0.0-20190217232715-a341794a710e h1:yRmVFGfAw3JsQ/hQjv4zVoB/2AYU75R2uIX1YB+EP5Y=
github.com/mcluseau/go-diff v0.0.0-20190217232715-a341794a710e/go.mod h1:0mOslDFEA5LkBGDY4lHwPUOmZwpSANkV3qrqrA/jjcc=
github.com/mcluseau/go-diff v0.0.0-20190217234107-19cdf3292ce6 h1:+U8ARnq2p7cEdZSrT9n309W75f5ACNHmKdQ+8fW/Uh4=
github.com/mcluseau/go-diff v0.0.0-20190217234107-19cdf3292ce6/go.mod h1:0mOslDFEA5LkBGDY4lHwPUOmZwpSANkV3qrqrA/jjcc=
github.com/mcluseau/go-diff v0.0.0-20190218000714-53daffcafc17 h1:VzgjvJr7RMCCcJ4U+xFBsHWlnsOfmhuiey1gcP19JP4=
github.com/mcluseau/go-diff v0.0.0-20190218000714-53daffcafc17/go.mod h1:0mOslDFEA5LkBGDY4lHwPUOmZwpSANkV3qrqrA/jjcc=
github.com/mcluseau/go-diff v0.0.0-20190218013846-15855db22145 h1:9w/ygK5aS2cGZoHHjcftW3YLKJeOn4kFgjdBm4lnWPU=
github.com/mcluseau/go-diff v0.0.0-20190218013846-15855db22145/go.mod h1:0mOslDFEA5LkBGDY4lHwPUOmZwpSANkV3qrqrA/jjcc=
github.com/mcluseau/go-diff v0.0.0-20190218021315-6512e0060996 h1:cy1c37SfCusbFi8Es+q0keOrPO+/T0yIwQFlbH85NFg=
github.com/mcluseau/go-diff v0.0.0-20190218021315-6512e0060996/go.mod h1:0mOslDFEA5LkBGDY4lHwPUOmZwpSANkV3qrqrA/jjcc=
github.com/mcluseau/go-diff v0.0.0-20190218023016-2fd1253ba6e4 h1:PFZu6fGaPeZ8U9tcehRMJCUb7VKNbzLDLaMacRMo0jQ=
github.com/mcluseau/go-diff v0.0.0-20190218023016-2fd1253ba6e4/go.mod h1:0mOslDFEA5LkBGDY4lHwPUOmZwpSANkV3qrqrA/jjcc=
github.com/mcluseau/go-diff v0.0.0-20190218023921-9c316fb186c9 h1:WmrcqmOZ40AKtoYzfGYRZoxQjKEeXejwPWwn3Kcu/bU=
github.com/mcluseau/go-diff v0.0.0-20190218023921-9c316fb186c9/go.mod h1:0mOslDFEA5LkBGDY4lHwPUOmZwpSANkV3qrqrA/jjcc=
github.com/mcluseau/go-diff v0.0.0-20190218055646-1596c2d9945b h1:FX8yz2n/ty4SPlP+IzGeJYv+Jsz0iamUoZepgxE+0fE=
github.com/mcluseau/go-diff v0.0.0-20190218055646-1596c2d9945b/go.mod h1:Dh8bN8I/kRrC1IYQaBMqyC5gp3bXqXstptmgwpw+kjw=
github.com/mcluseau/kafka-sync v0.0.0-20180212005405-9c9d18e48b85 h1:oSB8tWTsbOfnP9iWnbPIhd7k3gAuq2S5MYzPTCEedUg=
github.com/mcluseau/kafka-sync v0.0.0-20180212005405-9c9d18e48b85/go.mod h1:6qnyIKF8kWNWNxqvHy9U+YRyzgMbSlf1+vhDw9WMACM=
github.com/mcluseau/kafka-sync v0.0.0-20190215082904-9a122a90f405 h1:9qrJuf9T72/IqV2viUmwpWferaY3O3Cxr8m+YE9Y2BA=
github.com/mcluseau/kafka-sync v0.0.0-20190215082904-9a122a90f405/go.mod h1:jd5eo9uUh5hHooI7NVYVvAbTgEtnPaV2ORB2xvAlFYo=
github.com/mcluseau/kafka-sync v0.0.0-20190217062914-bf952ff087bb h1:hXR5EY+qiOA1HibFj1x5FJP3sKrQnR1NkaHwb2U0fyI=
github.com/mcluseau/kafka-sync v0.0.0-20190217062914-bf952ff087bb/go.mod h1:J8Wuc/mWmlYiCSnr5wcrA6sN+s6Le0hty1VgmXI2G/M=
github.com/mcluseau/kafka-sync v0.0.0-20190217070708-e748adad7a6e h1:MpxI3cgvtmVmyOp47DdFcy+splTl9UbhCAan6H5MlW0=
github.com/mcluseau/kafka-sync v0.0.0-20190217070708-e748adad7a6e/go.mod h1:zbMyY9GbmNOZg4101HzBpYm8+WIq6cYyBG9ukjb98cg=
github.com/mcluseau/kafka-sync v0.0.0-20190217071507-bbca43a4aee6 h1:dpeyLVDHmKI5L44TK1U29b4Sc7k+1YfJ9lpV+S7t4E4=
github.com/mcluseau/kafka-sync v0.0.0-20190217071507-bbca43a4aee6/go.mod h1:G5Upz6I+lWdOpvcVdtCGpSFL9YWP2oQyGbBQREBcULM=
github.com/mcluseau/kafka-sync v0.0.0-20190217072605-e1c4d852cd3d h1:avPjJ38jrB2h3l0EV6OnMEgNSzyl/7M5GhFOixEgpiw=
github.com/mcluseau/kafka-sync v0.0.0-20190217072605-e1c4d852cd3d/go.mod h1:G5Upz6I+lWdOpvcVdtCGpSFL9YWP2oQyGbBQREBcULM=
github.com/mcluseau/kafka-sync v0.0.0-20190217074051-4951cc0a90a9 h1:Edd7iXYzO483txro1X64YpGswWwiz3uK/U5k0b4R5EI=
github.com/mcluseau/kafka-sync v0.0.0-20190217074051-4951cc0a90a9/go.mod h1:G5Upz6I+lWdOpvcVdtCGpSFL9YWP2oQyGbBQREBcULM=
github.com/mcluseau/kafka-sync v0.0.0-20190217074915-09e2c28ef524 h1:jo5AOkZ9UtST6ik1vuPK0/cMymbCEatEiMn54lISpJQ=
github.com/mcluseau/kafka-sync v0.0.0-20190217074915-09e2c28ef524/go.mod h1:G5Upz6I+lWdOpvcVdtCGpSFL9YWP2oQyGbBQREBcULM=
github.com/mcluseau/kafka-sync v0.0.0-20190217075129-bdf74a53646d h1:R+0lFi4vQCrT2pXygr+ICYNgmb1ZUDKYbUdFlcokHxA=
github.com/mcluseau/kafka-sync v0.0.0-20190217075129-bdf74a53646d/go.mod h1:G5Upz6I+lWdOpvcVdtCGpSFL9YWP2oQyGbBQREBcULM=
github.com/mcluseau/kafka-sync v0.0.0-20190217075253-8060b96205fe h1:7Kr/Wur1amfeDpSX9iZMXDoBDepXUYFUdGpYQ0iYy+Q=
github.com/mcluseau/kafka-sync v0.0.0-20190217075253-8060b96205fe/go.mod h1:G5Upz6I+lWdOpvcVdtCGpSFL9YWP2oQyGbBQREBcULM=
github.com/mcluseau/kafka-sync v0.0.0-20190217080927-c1373f5bf6a1 h1:1DW70ck9ArBvfK7UBzAMfYYSikmVD7zQRjirTq2t3b4=
github.com/mcluseau/kafka-sync v0.0.0-20190217080927-c1373f5bf6a1/go.mod h1:i4PbFJe0QVcDAuM0ECKZqYsMsz2NCF3iGkwNoww5bCc=
github.com/mcluseau/kafka-sync v0.0.0-20190217082211-53574fe277b5 h1:9jiqmLZMgP5UCgLO4BGPpnI7B02Mt4QDLubATPDOhGI=
github.com/mcluseau/kafka-sync v0.0.0-20190217082211-53574fe277b5/go.mod h1:qSB5LrdWVvFrD9fe8PWSeWfvF4y3qp6uzpyUt5bzPHk=
github.com/mcluseau/kafka-sync v0.0.0-20190217232731-3f747929f8dd h1:8bZedl/GnMHXVaQkXYIEwYjYFEU0P+/MXTdZYP4leAs=
github.com/mcluseau/kafka-sync v0.0.0-20190217232731-3f747929f8dd/go.mod h1:qCxtxKmbuzh42mcs2Y2X5Dbq8/cjFWZyUX+b9O2bESs=
github.com/mcluseau/kafka-sync v0.0.0-20190217234216-902f327de0eb h1:sooT80TQF7PZMHxPmg8vOLOc4MwzgahIJ2zhNQ6CntY=
github.com/mcluseau/kafka-sync v0.0.0-20190217234216-902f327de0eb/go.mod h1:7uD5kbl2gCnq0LwzjIp339mw2JiIc9IRO1YqcfUNWL0=
github.com/mcluseau/kafka-sync v0.0.0-20190217235245-e07f89e78a0b h1:YZ5Nj+/2K3eYEM2USsnDKF35BsG2ClmzTTBGmNNX4lo=
github.com/mcluseau/kafka-sync v0.0.0-20190217235245-e07f89e78a0b/go.mod h1:7uD5kbl2gCnq0LwzjIp339mw2JiIc9IRO1YqcfUNWL0=
github.com/mcluseau/kafka-sync v0.0.0-20190217235428-9061231a807f h1:UaiVSJwgZWpI9NVokduhtaMMuKz6iNz94megwpdDCrs=
github.com/mcluseau/kafka-sync v0.0.0-20190217235428-9061231a807f/go.mod h1:7uD5kbl2gCnq0LwzjIp339mw2JiIc9IRO1YqcfUNWL0=
github.com/mcluseau/kafka-sync v0.0.0-20190217235642-948d31c815f7 h1:HhruYKwAlKPZld0/XxyNM9wYIU9r9bKbRWtEJBHePw0=
github.com/mcluseau/kafka-sync v0.0.0-20190217235642-948d31c815f7/go.mod h1:7uD5kbl2gCnq0LwzjIp339mw2JiIc9IRO1YqcfUNWL0=
github.com/mcluseau/kafka-sync v0.0.0-20190218000732-47713cf6b2bf h1:AwyGo2E4cZ4kVTKNTT1rxzCP9c9KGmSe/LvIcXebKFQ=
github.com/mcluseau/kafka-sync v0.0.0-20190218000732-47713cf6b2bf/go.mod h1:vmKSVapa5NGbGrVXb5BtmauaGpiRQ6urFUBm0JbAts0=
github.com/mcluseau/kafka-sync v0.0.0-20190218020115-3c63eee961f4 h1:TmUwMrvIgrjUoPY0ivOfkpUpbG+n7M+qUQy7WCPSUmU=
github.com/mcluseau/kafka-sync v0.0.0-20190218020115-3c63eee961f4/go.mod h1:LcPIZTw66YxxNNDI69MxNpO0HHV3WSVzWFxxqPnT/+0=
github.com/mcluseau/kafka-sync v0.0.0-20190218021336-bb0cb6f6408d h1:slKU0X7IoBoCQRdn6wyhWC5h8gLPBSiEUFH9Tz/V0jY=
github.com/mcluseau/kafka-sync v0.0.0-20190218021336-bb0cb6f6408d/go.mod h1:9phOZngth2luf8vapqP0C6wF7r5eVx6vBpJHjHUoZ28=
github.com/mcluseau/kafka-sync v0.0.0-20190218023150-142c525b1e66 h1:WNxwz1UblNv1hwIIzRP85h0ahk/ORedd4i7/ThtiQjc=
github.com/mcluseau/kafka-sync v0.0.0-20190218023150-142c525b1e66/go.mod h1:+LFXruUpq8v4sMAriHSeVWoX2bfVf6bDCaZDSqpU2YI=
github.com/mcluseau/kafka-sync v0.0.0-20190218023944-6df3e633d270 h1:hXoGHawCFE5Vzc8pLOyy1e0bRZKViMXfj61dYbO9SF8=
github.com/mcluseau/kafka-sync v0.0.0-20190218023944-6df3e633d270/go.mod h1:cB4W7u1RzJzPjToU5bipAEC9SsG2yIMU1zrGsWxcJY0=
github.com/mcluseau/kafka-sync v0.0.0-20190218055715-c96a05330a7a h1:98CCmxSwDgSAwNEnLSEadAQhtg22M6gQhVkwFHP2c/Q=
github.com/mcluseau/kafka-sync v0.0.0-20190218055715-c96a05330a7a/go.mod h1:0y7AoqU22bvOm6SnP2fXpnZIyi3mK769odyN751eG2Y=
github.com/oklog/ulid v1.3.1 h1:EGfNDEx6MqHz8B3uNV6QAib1UR2Lm97sHi3ocA6ESJ4=
github.com/oklog/ulid v1.3.1/go.mod h1:CirwcVhetQ6Lv90oh/F+FBtV6XMibvdAFo93nm5qn4U=
github.com/pierrec/lz4 v2.0.5+incompatible h1:2xWsjqPFWcplujydGg4WmhC/6fZqK42wMM8aXeqhl0I=
github.com/pierrec/lz4 v2.0.5+incompatible/go.mod h1:pdkljMzZIN41W+lC3N2tnIh5sFi+IEE17M5jbnwPHcY=
github.com/pmezard/go-difflib v1.0.0/go.mod h1:iKH77koFhYxTK1pcRnkKkqfTogsbg7gZNVY4sRDYZ/4=
github.com/rcrowley/go-metrics v0.0.0-20181016184325-3113b8401b8a h1:9ZKAASQSHhDYGoxY8uLVpewe1GDZ2vu2Tr/vTdVAkFQ=
github.com/rcrowley/go-metrics v0.0.0-20181016184325-3113b8401b8a/go.mod h1:bCqnVzQkZxMG4s8nGwiZ5l3QUCyqpo9Y+/ZMZ9VjZe4=
github.com/spaolacci/murmur3 v0.0.0-20180118202830-f09979ecbc72 h1:qLC7fQah7D6K1B0ujays3HV9gkFtllcxhzImRR7ArPQ=
github.com/spaolacci/murmur3 v0.0.0-20180118202830-f09979ecbc72/go.mod h1:JwIasOWyU6f++ZhiEuf87xNszmSA2myDM2Kzu9HwQUA=
github.com/stretchr/testify v1.2.2/go.mod h1:a8OnRcib4nhh0OaRAV+Yts87kKdq0PP7pXfy6kDkUVs=
golang.org/x/net v0.0.0-20181005035420-146acd28ed58 h1:otZG8yDCO4LVps5+9bxOeNiCvgmOyt96J3roHTYs7oE=
golang.org/x/net v0.0.0-20181005035420-146acd28ed58/go.mod h1:mL1N/T3taQHkDXs73rZJwtUhF3w3ftmwwsq0BUmARs4=
golang.org/x/sys v0.0.0-20190214214411-e77772198cdc h1:PkRkk0lptxM8Ms6WIrd4MztFbP96xOFP8GTRMhXsJdM=
golang.org/x/sys v0.0.0-20190214214411-e77772198cdc/go.mod h1:STP8DvDyc/dI5b8T5hshtkjS+E42TnysNCUPdjciGhY=
golang.org/x/sys v0.0.0-20190215142949-d0b11bdaac8a h1:1BGLXjeY4akVXGgbC9HugT3Jv3hCI0z56oJR5vAMgBU=
golang.org/x/sys v0.0.0-20190215142949-d0b11bdaac8a/go.mod h1:STP8DvDyc/dI5b8T5hshtkjS+E42TnysNCUPdjciGhY=
golang.org/x/text v0.3.0/go.mod h1:NqM8EUOU14njkJ3fqMW+pc6Ldnwhi/IjpwHt7yyuwOQ=
gopkg.in/check.v1 v0.0.0-20161208181325-20d25e280405/go.mod h1:Co6ibVJAznAaIkqp8huTwlJQCZ016jof/cbN4VW5Yz0=
gopkg.in/yaml.v2 v2.2.1/go.mod h1:hI93XBmqTisBFMUTm0b8Fm+jr3Dg1NNxqwp+5A1VGuI=
isi.nc/common/sync2kafka v0.0.0-20190215041350-86ed9ab9a363 h1:2ciTeDQInK3FZ5p4UxDfWdGVIFDjOZthhCJ9eGNelSA=
isi.nc/common/sync2kafka v0.1.0 h1:kkfQIgE0DEhYIDnxXouSEZa5hcrmzIyBkTZ4rWZmlRw=
isi.nc/common/sync2kafka v0.2.0 h1:jlY1E7XvaXz+jrtwhSNxQa+i0Z5kit6YgPzWA6PDBR4=
